Microsoft Visual Studio Solution File, Format Version 12.00
# Visual Studio Version 17
VisualStudioVersion = 17.0.31903.59
MinimumVisualStudioVersion = 10.0.40219.1
Project("{FAE04EC0-301F-11D3-BF4B-00C04F79EFBC}") = "NextCloudShot.Core", "NextCloudShot.Core\NextCloudShot.Core.csproj", "{DC67567D-44F4-4E02-9F03-C58C9445BB01}"
EndProject
Project("{FAE04EC0-301F-11D3-BF4B-00C04F79EFBC}") = "NextCloudShot.Infrastructure.Nextcloud", "NextCloudShot.Infrastructure.Nextcloud\NextCloudShot.Infrastructure.Nextcloud.csproj", "{DC67567D-44F4-4E02-9F03-C58C9445BB02}"
EndProject
Project("{FAE04EC0-301F-11D3-BF4B-00C04F79EFBC}") = "NextCloudShot.Platform.Windows", "NextCloudShot.Platform.Windows\NextCloudShot.Platform.Windows.csproj", "{DC67567D-44F4-4E02-9F03-C58C9445BB03}"
EndProject
Project("{FAE04EC0-301F-11D3-BF4B-00C04F79EFBC}") = "NextCloudShot.Desktop", "NextCloudShot.Desktop\NextCloudShot.Desktop.csproj", "{DC67567D-44F4-4E02-9F03-C58C9445BB04}"
EndProject
Global
	GlobalSection(SolutionConfigurationPlatforms) = preSolution
		Debug|Any CPU = Debug|Any CPU
		Release|Any CPU = Release|Any CPU
	EndGlobalSection
	GlobalSection(ProjectConfigurationPlatforms) = postSolution
		{DC67567D-44F4-4E02-9F03-C58C9445BB01}.Debug|Any CPU.ActiveCfg = Debug|Any CPU
		{DC67567D-44F4-4E02-9F03-C58C9445BB01}.Debug|Any CPU.Build.0 = Debug|Any CPU
		{DC67567D-44F4-4E02-9F03-C58C9445BB01}.Release|Any CPU.ActiveCfg = Release|Any CPU
		{DC67567D-44F4-4E02-9F03-C58C9445BB01}.Release|Any CPU.Build.0 = Release|Any CPU
		{DC67567D-44F4-4E02-9F03-C58C9445BB02}.Debug|Any CPU.ActiveCfg = Debug|Any CPU
		{DC67567D-44F4-4E02-9F03-C58C9445BB02}.Debug|Any CPU.Build.0 = Debug|Any CPU
		{DC67567D-44F4-4E02-9F03-C58C9445BB02}.Release|Any CPU.ActiveCfg = Release|Any CPU
		{DC67567D-44F4-4E02-9F03-C58C9445BB02}.Release|Any CPU.Build.0 = Release|Any CPU
		{DC67567D-44F4-4E02-9F03-C58C9445BB03}.Debug|Any CPU.ActiveCfg = Debug|Any CPU
		{DC67567D-44F4-4E02-9F03-C58C9445BB03}.Debug|Any CPU.Build.0 = Debug|Any CPU
		{DC67567D-44F4-4E02-9F03-C58C9445BB03}.Release|Any CPU.ActiveCfg = Release|Any CPU
		{DC67567D-44F4-4E02-9F03-C58C9445BB03}.Release|Any CPU.Build.0 = Release|Any CPU
		{DC67567D-44F4-4E02-9F03-C58C9445BB04}.Debug|Any CPU.ActiveCfg = Debug|Any CPU
		{DC67567D-44F4-4E02-9F03-C58C9445BB04}.Debug|Any CPU.Build.0 = Debug|Any CPU
		{DC67567D-44F4-4E02-9F03-C58C9445BB04}.Release|Any CPU.ActiveCfg = Release|Any CPU
		{DC67567D-44F4-4E02-9F03-C58C9445BB04}.Release|Any CPU.Build.0 = Release|Any CPU
	EndGlobalSection
	GlobalSection(SolutionProperties) = preSolution
		HideSolutionNode = FALSE
	EndGlobalSection
	GlobalSection(ExtensibilityGlobals) = postSolution
		SolutionGuid = {CE4F97BB-33D4-43A4-BD15-1F645187B633}
	EndGlobalSection
EndGlobal
