Microsoft Visual Studio Solution File, Format Version 12.00
# Visual Studio Version 17
VisualStudioVersion = 17.0.31903.59
MinimumVisualStudioVersion = 10.0.40219.1
Project("{FAE04EC0-301F-11D3-BF4B-00C04F79EFBC}") = "NextCloudShot.Core", "NextCloudShot.Core\NextCloudShot.Core.csproj", "{DC67567D-44F4-4E02-9F03-C58C9445BB01}"
EndProject
Project("{FAE04EC0-301F-11D3-BF4B-00C04F79EFBC}") = "NextCloudShot.Infrastructure.Nextcloud", "NextCloudShot.Infrastructure.Nextcloud\NextCloudShot.Infrastructure.Nextcloud.csproj", "{DC67567D-44F4-4E02-9F03-C58C9445BB02}"
EndProject
Project("{FAE04EC0-301F-11D3-BF4B-00C04F79EFBC}") = "NextCloudShot.Platform.Windows", "NextCloudShot.Platform.Windows\NextCloudShot.Platform.Windows.csproj", "{DC67567D-44F4-4E02-9F03-C58C9445BB03}"
EndProject
Project("{FAE04EC0-301F-11D3-BF4B-00C04F79EFBC}") = "NextCloudShot.Desktop", "NextCloudShot.Desktop\NextCloudShot.Desktop.csproj", "{DC67567D-44F4-4E02-9F03-C58C9445BB04}"
EndProject
Project("{66A26720-8FB5-11D2-AA7E-00C04F688DDE}") = "NextCloudShot.NextcloudApp", "NextCloudShot.NextcloudApp", "{DC67567D-44F4-4E02-9F03-C58C9445BB05}"
	ProjectSection(SolutionItems) = preProject
		NextCloudShot.NextcloudApp\README.md = NextCloudShot.NextcloudApp\README.md
		NextCloudShot.NextcloudApp\composer.json = NextCloudShot.NextcloudApp\composer.json
		NextCloudShot.NextcloudApp\package.json = NextCloudShot.NextcloudApp\package.json
		NextCloudShot.NextcloudApp\package-lock.json = NextCloudShot.NextcloudApp\package-lock.json
		NextCloudShot.NextcloudApp\webpack.config.js = NextCloudShot.NextcloudApp\webpack.config.js
		NextCloudShot.NextcloudApp\appinfo\info.xml = NextCloudShot.NextcloudApp\appinfo\info.xml
		NextCloudShot.NextcloudApp\appinfo\routes.php = NextCloudShot.NextcloudApp\appinfo\routes.php
		NextCloudShot.NextcloudApp\img\nextcloudshot.svg = NextCloudShot.NextcloudApp\img\nextcloudshot.svg
		NextCloudShot.NextcloudApp\img\nextcloudshot-full-dark.png = NextCloudShot.NextcloudApp\img\nextcloudshot-full-dark.png
		NextCloudShot.NextcloudApp\img\nextcloudshot-full-light.png = NextCloudShot.NextcloudApp\img\nextcloudshot-full-light.png
		NextCloudShot.NextcloudApp\img\nextcloudshot-widget-dark.png = NextCloudShot.NextcloudApp\img\nextcloudshot-widget-dark.png
		NextCloudShot.NextcloudApp\img\nextcloudshot-widget-light.png = NextCloudShot.NextcloudApp\img\nextcloudshot-widget-light.png
		NextCloudShot.NextcloudApp\lib\AppInfo\Application.php = NextCloudShot.NextcloudApp\lib\AppInfo\Application.php
		NextCloudShot.NextcloudApp\lib\Controller\ApiController.php = NextCloudShot.NextcloudApp\lib\Controller\ApiController.php
		NextCloudShot.NextcloudApp\lib\Controller\PageController.php = NextCloudShot.NextcloudApp\lib\Controller\PageController.php
		NextCloudShot.NextcloudApp\lib\Controller\SettingsController.php = NextCloudShot.NextcloudApp\lib\Controller\SettingsController.php
		NextCloudShot.NextcloudApp\lib\Service\ScreenshotLibraryService.php = NextCloudShot.NextcloudApp\lib\Service\ScreenshotLibraryService.php
		NextCloudShot.NextcloudApp\src\App.vue = NextCloudShot.NextcloudApp\src\App.vue
		NextCloudShot.NextcloudApp\src\main.js = NextCloudShot.NextcloudApp\src\main.js
		NextCloudShot.NextcloudApp\src\style.scss = NextCloudShot.NextcloudApp\src\style.scss
		NextCloudShot.NextcloudApp\templates\index.php = NextCloudShot.NextcloudApp\templates\index.php
	EndProjectSection
EndProject
Global
	GlobalSection(SolutionConfigurationPlatforms) = preSolution
		Debug|Any CPU = Debug|Any CPU
		Release|Any CPU = Release|Any CPU
	EndGlobalSection
	GlobalSection(ProjectConfigurationPlatforms) = postSolution
		{DC67567D-44F4-4E02-9F03-C58C9445BB01}.Debug|Any CPU.ActiveCfg = Debug|Any CPU
		{DC67567D-44F4-4E02-9F03-C58C9445BB01}.Debug|Any CPU.Build.0 = Debug|Any CPU
		{DC67567D-44F4-4E02-9F03-C58C9445BB01}.Release|Any CPU.ActiveCfg = Release|Any CPU
		{DC67567D-44F4-4E02-9F03-C58C9445BB01}.Release|Any CPU.Build.0 = Release|Any CPU
		{DC67567D-44F4-4E02-9F03-C58C9445BB02}.Debug|Any CPU.ActiveCfg = Debug|Any CPU
		{DC67567D-44F4-4E02-9F03-C58C9445BB02}.Debug|Any CPU.Build.0 = Debug|Any CPU
		{DC67567D-44F4-4E02-9F03-C58C9445BB02}.Release|Any CPU.ActiveCfg = Release|Any CPU
		{DC67567D-44F4-4E02-9F03-C58C9445BB02}.Release|Any CPU.Build.0 = Release|Any CPU
		{DC67567D-44F4-4E02-9F03-C58C9445BB03}.Debug|Any CPU.ActiveCfg = Debug|Any CPU
		{DC67567D-44F4-4E02-9F03-C58C9445BB03}.Debug|Any CPU.Build.0 = Debug|Any CPU
		{DC67567D-44F4-4E02-9F03-C58C9445BB03}.Release|Any CPU.ActiveCfg = Release|Any CPU
		{DC67567D-44F4-4E02-9F03-C58C9445BB03}.Release|Any CPU.Build.0 = Release|Any CPU
		{DC67567D-44F4-4E02-9F03-C58C9445BB04}.Debug|Any CPU.ActiveCfg = Debug|Any CPU
		{DC67567D-44F4-4E02-9F03-C58C9445BB04}.Debug|Any CPU.Build.0 = Debug|Any CPU
		{DC67567D-44F4-4E02-9F03-C58C9445BB04}.Release|Any CPU.ActiveCfg = Release|Any CPU
		{DC67567D-44F4-4E02-9F03-C58C9445BB04}.Release|Any CPU.Build.0 = Release|Any CPU
	EndGlobalSection
	GlobalSection(SolutionProperties) = preSolution
		HideSolutionNode = FALSE
	EndGlobalSection
	GlobalSection(ExtensibilityGlobals) = postSolution
		SolutionGuid = {CE4F97BB-33D4-43A4-BD15-1F645187B633}
	EndGlobalSection
EndGlobal
